
Microsoft Visual Studio Solution File, Format Version 12.00
# Visual Studio Version 16
VisualStudioVersion = 16.0.30717.126
MinimumVisualStudioVersion = 10.0.40219.1
Project("{FAE04EC0-301F-11D3-BF4B-00C04F79EFBC}") = "WS_EurekaBank_Server", "WS_EurekaBank_Server\WS_EurekaBank_Server.csproj", "{36860271-EFCB-4D73-B6C2-876CA23FE963}"
EndProject
Global
	GlobalSection(SolutionConfigurationPlatforms) = preSolution
		Debug|Any CPU = Debug|Any CPU
		Release|Any CPU = Release|Any CPU
	EndGlobalSection
	GlobalSection(ProjectConfigurationPlatforms) = postSolution
		{36860271-EFCB-4D73-B6C2-876CA23FE963}.Debug|Any CPU.ActiveCfg = Debug|Any CPU
		{36860271-EFCB-4D73-B6C2-876CA23FE963}.Debug|Any CPU.Build.0 = Debug|Any CPU
		{36860271-EFCB-4D73-B6C2-876CA23FE963}.Release|Any CPU.ActiveCfg = Release|Any CPU
		{36860271-EFCB-4D73-B6C2-876CA23FE963}.Release|Any CPU.Build.0 = Release|Any CPU
	EndGlobalSection
	GlobalSection(SolutionProperties) = preSolution
		HideSolutionNode = FALSE
	EndGlobalSection
	GlobalSection(ExtensibilityGlobals) = postSolution
		SolutionGuid = {40BBDFC3-57D2-4D66-B508-D2FCE3F70851}
	EndGlobalSection
EndGlobal
